// !$*UTF8*$!
{
	archiveVersion = 1;
	classes = {
	};
	objectVersion = 46;
	objects = {

/* Begin PBXBuildFile section */
		CA76C4C117911F0E00CF5775 /* Cocoa.framework in Frameworks */ = {isa = PBXBuildFile; fileRef = CA76C4C017911F0E00CF5775 /* Cocoa.framework */; };
		CA76C4C317911F0E00CF5775 /* Python.framework in Frameworks */ = {isa = PBXBuildFile; fileRef = CA76C4C217911F0E00CF5775 /* Python.framework */; };
		CA76C4CD17911F0E00CF5775 /* InfoPlist.strings in Resources */ = {isa = PBXBuildFile; fileRef = CA76C4CB17911F0E00CF5775 /* InfoPlist.strings */; };
		CA76C4CF17911F0E00CF5775 /* main.m in Sources */ = {isa = PBXBuildFile; fileRef = CA76C4CE17911F0E00CF5775 /* main.m */; };
		CA76C4D317911F0E00CF5775 /* Credits.rtf in Resources */ = {isa = PBXBuildFile; fileRef = CA76C4D117911F0E00CF5775 /* Credits.rtf */; };
		CA76C4D517911F0E00CF5775 /* main.py in Resources */ = {isa = PBXBuildFile; fileRef = CA76C4D417911F0E00CF5775 /* main.py */; };
		CA76C4D717911F0E00CF5775 /* AppDelegate.py in Resources */ = {isa = PBXBuildFile; fileRef = CA76C4D617911F0E00CF5775 /* AppDelegate.py */; };
		CA76C4DA17911F0E00CF5775 /* MainMenu.xib in Resources */ = {isa = PBXBuildFile; fileRef = CA76C4D817911F0E00CF5775 /* MainMenu.xib */; };
		CA76C4E61791256200CF5775 /* PMController.py in Resources */ = {isa = PBXBuildFile; fileRef = CA76C4E51791256200CF5775 /* PMController.py */; };
		CA76C4EC179139A300CF5775 /* LinkTextProcessor.py in Resources */ = {isa = PBXBuildFile; fileRef = CA76C4EB179139A300CF5775 /* LinkTextProcessor.py */; };
		CA76C4EE179387FC00CF5775 /* Syndicator.py in Resources */ = {isa = PBXBuildFile; fileRef = CA76C4ED179387FC00CF5775 /* Syndicator.py */; };
		CAFA57581795CD9E00EC051C /* Lightning.iconset in Resources */ = {isa = PBXBuildFile; fileRef = CAFA57571795CD9E00EC051C /* Lightning.iconset */; };
/* End PBXBuildFile section */

/* Begin PBXFileReference section */
		CA76C4BD17911F0E00CF5775 /* Lightning.app */ = {isa = PBXFileReference; explicitFileType = wrapper.application; includeInIndex = 0; path = Lightning.app; sourceTree = BUILT_PRODUCTS_DIR; };
		CA76C4C017911F0E00CF5775 /* Cocoa.framework */ = {isa = PBXFileReference; lastKnownFileType = wrapper.framework; name = Cocoa.framework; path = System/Library/Frameworks/Cocoa.framework; sourceTree = SDKROOT; };
		CA76C4C217911F0E00CF5775 /* Python.framework */ = {isa = PBXFileReference; lastKnownFileType = wrapper.framework; name = Python.framework; path = System/Library/Frameworks/Python.framework; sourceTree = SDKROOT; };
		CA76C4C517911F0E00CF5775 /* AppKit.framework */ = {isa = PBXFileReference; lastKnownFileType = wrapper.framework; name = AppKit.framework; path = System/Library/Frameworks/AppKit.framework; sourceTree = SDKROOT; };
		CA76C4C617911F0E00CF5775 /* CoreData.framework */ = {isa = PBXFileReference; lastKnownFileType = wrapper.framework; name = CoreData.framework; path = System/Library/Frameworks/CoreData.framework; sourceTree = SDKROOT; };
		CA76C4C717911F0E00CF5775 /* Foundation.framework */ = {isa = PBXFileReference; lastKnownFileType = wrapper.framework; name = Foundation.framework; path = System/Library/Frameworks/Foundation.framework; sourceTree = SDKROOT; };
		CA76C4CA17911F0E00CF5775 /* Lightning-Info.plist */ = {isa = PBXFileReference; lastKnownFileType = text.plist.xml; path = "Lightning-Info.plist"; sourceTree = "<group>"; };
		CA76C4CC17911F0E00CF5775 /* en */ = {isa = PBXFileReference; lastKnownFileType = text.plist.strings; name = en; path = en.lproj/InfoPlist.strings; sourceTree = "<group>"; };
		CA76C4CE17911F0E00CF5775 /* main.m */ = {isa = PBXFileReference; lastKnownFileType = sourcecode.c.objc; path = main.m; sourceTree = "<group>"; };
		CA76C4D017911F0E00CF5775 /* Lightning-Prefix.pch */ = {isa = PBXFileReference; lastKnownFileType = sourcecode.c.h; path = "Lightning-Prefix.pch"; sourceTree = "<group>"; };
		CA76C4D217911F0E00CF5775 /* en */ = {isa = PBXFileReference; lastKnownFileType = text.rtf; name = en; path = en.lproj/Credits.rtf; sourceTree = "<group>"; };
		CA76C4D417911F0E00CF5775 /* main.py */ = {isa = PBXFileReference; lastKnownFileType = text.script.python; path = main.py; sourceTree = "<group>"; };
		CA76C4D617911F0E00CF5775 /* AppDelegate.py */ = {isa = PBXFileReference; lastKnownFileType = text.script.python; path = AppDelegate.py; sourceTree = "<group>"; };
		CA76C4D917911F0E00CF5775 /* en */ = {isa = PBXFileReference; lastKnownFileType = file.xib; name = en; path = en.lproj/MainMenu.xib; sourceTree = "<group>"; };
		CA76C4E51791256200CF5775 /* PMController.py */ = {isa = PBXFileReference; fileEncoding = 4; lastKnownFileType = text.script.python; path = PMController.py; sourceTree = "<group>"; };
		CA76C4EB179139A300CF5775 /* LinkTextProcessor.py */ = {isa = PBXFileReference; fileEncoding = 4; lastKnownFileType = text.script.python; path = LinkTextProcessor.py; sourceTree = "<group>"; };
		CA76C4ED179387FC00CF5775 /* Syndicator.py */ = {isa = PBXFileReference; fileEncoding = 4; lastKnownFileType = text.script.python; path = Syndicator.py; sourceTree = "<group>"; };
		CAFA57571795CD9E00EC051C /* Lightning.iconset */ = {isa = PBXFileReference; lastKnownFileType = folder.iconset; path = Lightning.iconset; sourceTree = "<group>"; };
/* End PBXFileReference section */

/* Begin PBXFrameworksBuildPhase section */
		CA76C4BA17911F0E00CF5775 /* Frameworks */ = {
			isa = PBXFrameworksBuildPhase;
			buildActionMask = 2147483647;
			files = (
				CA76C4C117911F0E00CF5775 /* Cocoa.framework in Frameworks */,
				CA76C4C317911F0E00CF5775 /* Python.framework in Frameworks */,
			);
			runOnlyForDeploymentPostprocessing = 0;
		};
/* End PBXFrameworksBuildPhase section */

/* Begin PBXGroup section */
		CA76C4B417911F0E00CF5775 = {
			isa = PBXGroup;
			children = (
				CA76C4C817911F0E00CF5775 /* Lightning */,
				CA76C4BF17911F0E00CF5775 /* Frameworks */,
				CA76C4BE17911F0E00CF5775 /* Products */,
			);
			sourceTree = "<group>";
		};
		CA76C4BE17911F0E00CF5775 /* Products */ = {
			isa = PBXGroup;
			children = (
				CA76C4BD17911F0E00CF5775 /* Lightning.app */,
			);
			name = Products;
			sourceTree = "<group>";
		};
		CA76C4BF17911F0E00CF5775 /* Frameworks */ = {
			isa = PBXGroup;
			children = (
				CA76C4C017911F0E00CF5775 /* Cocoa.framework */,
				CA76C4C217911F0E00CF5775 /* Python.framework */,
				CA76C4C417911F0E00CF5775 /* Other Frameworks */,
			);
			name = Frameworks;
			sourceTree = "<group>";
		};
		CA76C4C417911F0E00CF5775 /* Other Frameworks */ = {
			isa = PBXGroup;
			children = (
				CA76C4C517911F0E00CF5775 /* AppKit.framework */,
				CA76C4C617911F0E00CF5775 /* CoreData.framework */,
				CA76C4C717911F0E00CF5775 /* Foundation.framework */,
			);
			name = "Other Frameworks";
			sourceTree = "<group>";
		};
		CA76C4C817911F0E00CF5775 /* Lightning */ = {
			isa = PBXGroup;
			children = (
				CA76C4ED179387FC00CF5775 /* Syndicator.py */,
				CA76C4D417911F0E00CF5775 /* main.py */,
				CA76C4E51791256200CF5775 /* PMController.py */,
				CA76C4EB179139A300CF5775 /* LinkTextProcessor.py */,
				CA76C4D617911F0E00CF5775 /* AppDelegate.py */,
				CA76C4D817911F0E00CF5775 /* MainMenu.xib */,
				CA76C4C917911F0E00CF5775 /* Supporting Files */,
			);
			path = Lightning;
			sourceTree = "<group>";
		};
		CA76C4C917911F0E00CF5775 /* Supporting Files */ = {
			isa = PBXGroup;
			children = (
				CA76C4CA17911F0E00CF5775 /* Lightning-Info.plist */,
				CA76C4CB17911F0E00CF5775 /* InfoPlist.strings */,
				CA76C4CE17911F0E00CF5775 /* main.m */,
				CA76C4D017911F0E00CF5775 /* Lightning-Prefix.pch */,
				CA76C4D117911F0E00CF5775 /* Credits.rtf */,
				CAFA57571795CD9E00EC051C /* Lightning.iconset */,
			);
			name = "Supporting Files";
			sourceTree = "<group>";
		};
/* End PBXGroup section */

/* Begin PBXNativeTarget section */
		CA76C4BC17911F0E00CF5775 /* Lightning */ = {
			isa = PBXNativeTarget;
			buildConfigurationList = CA76C4DD17911F0E00CF5775 /* Build configuration list for PBXNativeTarget "Lightning" */;
			buildPhases = (
				CA76C4B917911F0E00CF5775 /* Sources */,
				CA76C4BA17911F0E00CF5775 /* Frameworks */,
				CA76C4BB17911F0E00CF5775 /* Resources */,
			);
			buildRules = (
			);
			dependencies = (
			);
			name = Lightning;
			productName = Lightning;
			productReference = CA76C4BD17911F0E00CF5775 /* Lightning.app */;
			productType = "com.apple.product-type.application";
		};
/* End PBXNativeTarget section */

/* Begin PBXProject section */
		CA76C4B517911F0E00CF5775 /* Project object */ = {
			isa = PBXProject;
			attributes = {
				LastUpgradeCheck = 0460;
				ORGANIZATIONNAME = "Boris Smus";
			};
			buildConfigurationList = CA76C4B817911F0E00CF5775 /* Build configuration list for PBXProject "Lightning" */;
			compatibilityVersion = "Xcode 3.2";
			developmentRegion = English;
			hasScannedForEncodings = 0;
			knownRegions = (
				en,
			);
			mainGroup = CA76C4B417911F0E00CF5775;
			productRefGroup = CA76C4BE17911F0E00CF5775 /* Products */;
			projectDirPath = "";
			projectRoot = "";
			targets = (
				CA76C4BC17911F0E00CF5775 /* Lightning */,
			);
		};
/* End PBXProject section */

/* Begin PBXResourcesBuildPhase section */
		CA76C4BB17911F0E00CF5775 /* Resources */ = {
			isa = PBXResourcesBuildPhase;
			buildActionMask = 2147483647;
			files = (
				CA76C4CD17911F0E00CF5775 /* InfoPlist.strings in Resources */,
				CA76C4D317911F0E00CF5775 /* Credits.rtf in Resources */,
				CA76C4D517911F0E00CF5775 /* main.py in Resources */,
				CA76C4D717911F0E00CF5775 /* AppDelegate.py in Resources */,
				CA76C4DA17911F0E00CF5775 /* MainMenu.xib in Resources */,
				CA76C4E61791256200CF5775 /* PMController.py in Resources */,
				CA76C4EC179139A300CF5775 /* LinkTextProcessor.py in Resources */,
				CA76C4EE179387FC00CF5775 /* Syndicator.py in Resources */,
				CAFA57581795CD9E00EC051C /* Lightning.iconset in Resources */,
			);
			runOnlyForDeploymentPostprocessing = 0;
		};
/* End PBXResourcesBuildPhase section */

/* Begin PBXSourcesBuildPhase section */
		CA76C4B917911F0E00CF5775 /* Sources */ = {
			isa = PBXSourcesBuildPhase;
			buildActionMask = 2147483647;
			files = (
				CA76C4CF17911F0E00CF5775 /* main.m in Sources */,
			);
			runOnlyForDeploymentPostprocessing = 0;
		};
/* End PBXSourcesBuildPhase section */

/* Begin PBXVariantGroup section */
		CA76C4CB17911F0E00CF5775 /* InfoPlist.strings */ = {
			isa = PBXVariantGroup;
			children = (
				CA76C4CC17911F0E00CF5775 /* en */,
			);
			name = InfoPlist.strings;
			sourceTree = "<group>";
		};
		CA76C4D117911F0E00CF5775 /* Credits.rtf */ = {
			isa = PBXVariantGroup;
			children = (
				CA76C4D217911F0E00CF5775 /* en */,
			);
			name = Credits.rtf;
			sourceTree = "<group>";
		};
		CA76C4D817911F0E00CF5775 /* MainMenu.xib */ = {
			isa = PBXVariantGroup;
			children = (
				CA76C4D917911F0E00CF5775 /* en */,
			);
			name = MainMenu.xib;
			sourceTree = "<group>";
		};
/* End PBXVariantGroup section */

/* Begin XCBuildConfiguration section */
		CA76C4DB17911F0E00CF5775 /* Debug */ = {
			isa = XCBuildConfiguration;
			buildSettings = {
				ALWAYS_SEARCH_USER_PATHS = NO;
				ARCHS = "$(ARCHS_STANDARD_64_BIT)";
				CLANG_CXX_LANGUAGE_STANDARD = "gnu++0x";
				CLANG_CXX_LIBRARY = "libc++";
				CLANG_WARN_CONSTANT_CONVERSION = YES;
				CLANG_WARN_EMPTY_BODY = YES;
				CLANG_WARN_ENUM_CONVERSION = YES;
				CLANG_WARN_INT_CONVERSION = YES;
				CLANG_WARN__DUPLICATE_METHOD_MATCH = YES;
				COPY_PHASE_STRIP = NO;
				GCC_C_LANGUAGE_STANDARD = gnu99;
				GCC_DYNAMIC_NO_PIC = NO;
				GCC_ENABLE_OBJC_EXCEPTIONS = YES;
				GCC_OPTIMIZATION_LEVEL = 0;
				GCC_PREPROCESSOR_DEFINITIONS = (
					"DEBUG=1",
					"$(inherited)",
				);
				GCC_SYMBOLS_PRIVATE_EXTERN = NO;
				GCC_WARN_64_TO_32_BIT_CONVERSION = YES;
				GCC_WARN_ABOUT_RETURN_TYPE = YES;
				GCC_WARN_UNINITIALIZED_AUTOS = YES;
				GCC_WARN_UNUSED_VARIABLE = YES;
				MACOSX_DEPLOYMENT_TARGET = 10.8;
				ONLY_ACTIVE_ARCH = YES;
				SDKROOT = macosx;
			};
			name = Debug;
		};
		CA76C4DC17911F0E00CF5775 /* Release */ = {
			isa = XCBuildConfiguration;
			buildSettings = {
				ALWAYS_SEARCH_USER_PATHS = NO;
				ARCHS = "$(ARCHS_STANDARD_64_BIT)";
				CLANG_CXX_LANGUAGE_STANDARD = "gnu++0x";
				CLANG_CXX_LIBRARY = "libc++";
				CLANG_WARN_CONSTANT_CONVERSION = YES;
				CLANG_WARN_EMPTY_BODY = YES;
				CLANG_WARN_ENUM_CONVERSION = YES;
				CLANG_WARN_INT_CONVERSION = YES;
				CLANG_WARN__DUPLICATE_METHOD_MATCH = YES;
				COPY_PHASE_STRIP = YES;
				DEBUG_INFORMATION_FORMAT = "dwarf-with-dsym";
				GCC_C_LANGUAGE_STANDARD = gnu99;
				GCC_ENABLE_OBJC_EXCEPTIONS = YES;
				GCC_WARN_64_TO_32_BIT_CONVERSION = YES;
				GCC_WARN_ABOUT_RETURN_TYPE = YES;
				GCC_WARN_UNINITIALIZED_AUTOS = YES;
				GCC_WARN_UNUSED_VARIABLE = YES;
				MACOSX_DEPLOYMENT_TARGET = 10.8;
				SDKROOT = macosx;
			};
			name = Release;
		};
		CA76C4DE17911F0E00CF5775 /* Debug */ = {
			isa = XCBuildConfiguration;
			buildSettings = {
				GCC_PRECOMPILE_PREFIX_HEADER = YES;
				GCC_PREFIX_HEADER = "Lightning/Lightning-Prefix.pch";
				INFOPLIST_FILE = "Lightning/Lightning-Info.plist";
				PRODUCT_NAME = "$(TARGET_NAME)";
				WRAPPER_EXTENSION = app;
			};
			name = Debug;
		};
		CA76C4DF17911F0E00CF5775 /* Release */ = {
			isa = XCBuildConfiguration;
			buildSettings = {
				GCC_PRECOMPILE_PREFIX_HEADER = YES;
				GCC_PREFIX_HEADER = "Lightning/Lightning-Prefix.pch";
				INFOPLIST_FILE = "Lightning/Lightning-Info.plist";
				PRODUCT_NAME = "$(TARGET_NAME)";
				WRAPPER_EXTENSION = app;
			};
			name = Release;
		};
/* End XCBuildConfiguration section */

/* Begin XCConfigurationList section */
		CA76C4B817911F0E00CF5775 /* Build configuration list for PBXProject "Lightning" */ = {
			isa = XCConfigurationList;
			buildConfigurations = (
				CA76C4DB17911F0E00CF5775 /* Debug */,
				CA76C4DC17911F0E00CF5775 /* Release */,
			);
			defaultConfigurationIsVisible = 0;
			defaultConfigurationName = Release;
		};
		CA76C4DD17911F0E00CF5775 /* Build configuration list for PBXNativeTarget "Lightning" */ = {
			isa = XCConfigurationList;
			buildConfigurations = (
				CA76C4DE17911F0E00CF5775 /* Debug */,
				CA76C4DF17911F0E00CF5775 /* Release */,
			);
			defaultConfigurationIsVisible = 0;
			defaultConfigurationName = Release;
		};
/* End XCConfigurationList section */
	};
	rootObject = CA76C4B517911F0E00CF5775 /* Project object */;
}
